
Microsoft Visual Studio Solution File, Format Version 12.00
# Visual Studio Version 17
VisualStudioVersion = 17.10.34928.147
MinimumVisualStudioVersion = 10.0.40219.1
Project("{2150E333-8FDC-42A3-9474-1A3956D46DE8}") = "src", "src", "{C0719138-BDB5-4E47-979E-A52A15DFA5A8}"
EndProject
Project("{2150E333-8FDC-42A3-9474-1A3956D46DE8}") = "Solution Items", "Solution Items", "{91A2FC45-C407-4E6A-93FA-2A536972A7C0}"
	ProjectSection(SolutionItems) = preProject
		docker-compose.yml = docker-compose.yml
	EndProjectSection
EndProject
Project("{2150E333-8FDC-42A3-9474-1A3956D46DE8}") = "L001", "L001", "{02EA681E-C7D8-13C7-8484-4AC65E1B71E8}"
EndProject
Project("{2150E333-8FDC-42A3-9474-1A3956D46DE8}") = "L002", "L002", "{682017D3-32F5-4526-A022-9DC8E4B309F4}"
EndProject
Project("{FAE04EC0-301F-11D3-BF4B-00C04F79EFBC}") = "Api", "src\L001\Api\Api.csproj", "{CE63FB88-4846-85EC-CAF5-8B395B90E4FE}"
EndProject
Project("{FAE04EC0-301F-11D3-BF4B-00C04F79EFBC}") = "Application", "src\L001\Application\Application.csproj", "{1DE01821-C76B-3390-8832-71697DC0B0FC}"
EndProject
Project("{FAE04EC0-301F-11D3-BF4B-00C04F79EFBC}") = "Common", "src\L001\Common\Common.csproj", "{695FD8FF-3B9E-AD07-CF3E-1B2271A9C371}"
EndProject
Project("{FAE04EC0-301F-11D3-BF4B-00C04F79EFBC}") = "Domain", "src\L001\Domain\Domain.csproj", "{6FB328C1-D984-8B7E-1FAA-3915EC34B2A7}"
EndProject
Project("{FAE04EC0-301F-11D3-BF4B-00C04F79EFBC}") = "Infrastructure", "src\L001\Infrastructure\Infrastructure.csproj", "{163F0031-5D90-F68C-C4F5-43598E81DA49}"
EndProject
Project("{FAE04EC0-301F-11D3-BF4B-00C04F79EFBC}") = "_001_Razor_Identity", "src\L002\_001_RazorPage_Identity\_001_Razor_Identity.csproj", "{59BDD194-8C7D-F6B5-DFB5-220313283B51}"
EndProject
Project("{FAE04EC0-301F-11D3-BF4B-00C04F79EFBC}") = "_002_WebApi_JWT", "src\L002\_002_WebApi_Identity\_002_WebApi_JWT.csproj", "{D64DF626-BA8A-A4F3-BB5B-0166E7DB7085}"
EndProject
Project("{FAE04EC0-301F-11D3-BF4B-00C04F79EFBC}") = "_003_Razor_Identity", "src\L002\_003_Razor_Identity\_003_Razor_Identity.csproj", "{5BD883CE-A157-9988-AEDC-2C478F3099E9}"
EndProject
Global
	GlobalSection(SolutionConfigurationPlatforms) = preSolution
		Debug|Any CPU = Debug|Any CPU
		Release|Any CPU = Release|Any CPU
	EndGlobalSection
	GlobalSection(ProjectConfigurationPlatforms) = postSolution
		{CE63FB88-4846-85EC-CAF5-8B395B90E4FE}.Debug|Any CPU.ActiveCfg = Debug|Any CPU
		{CE63FB88-4846-85EC-CAF5-8B395B90E4FE}.Debug|Any CPU.Build.0 = Debug|Any CPU
		{CE63FB88-4846-85EC-CAF5-8B395B90E4FE}.Release|Any CPU.ActiveCfg = Release|Any CPU
		{CE63FB88-4846-85EC-CAF5-8B395B90E4FE}.Release|Any CPU.Build.0 = Release|Any CPU
		{1DE01821-C76B-3390-8832-71697DC0B0FC}.Debug|Any CPU.ActiveCfg = Debug|Any CPU
		{1DE01821-C76B-3390-8832-71697DC0B0FC}.Debug|Any CPU.Build.0 = Debug|Any CPU
		{1DE01821-C76B-3390-8832-71697DC0B0FC}.Release|Any CPU.ActiveCfg = Release|Any CPU
		{1DE01821-C76B-3390-8832-71697DC0B0FC}.Release|Any CPU.Build.0 = Release|Any CPU
		{695FD8FF-3B9E-AD07-CF3E-1B2271A9C371}.Debug|Any CPU.ActiveCfg = Debug|Any CPU
		{695FD8FF-3B9E-AD07-CF3E-1B2271A9C371}.Debug|Any CPU.Build.0 = Debug|Any CPU
		{695FD8FF-3B9E-AD07-CF3E-1B2271A9C371}.Release|Any CPU.ActiveCfg = Release|Any CPU
		{695FD8FF-3B9E-AD07-CF3E-1B2271A9C371}.Release|Any CPU.Build.0 = Release|Any CPU
		{6FB328C1-D984-8B7E-1FAA-3915EC34B2A7}.Debug|Any CPU.ActiveCfg = Debug|Any CPU
		{6FB328C1-D984-8B7E-1FAA-3915EC34B2A7}.Debug|Any CPU.Build.0 = Debug|Any CPU
		{6FB328C1-D984-8B7E-1FAA-3915EC34B2A7}.Release|Any CPU.ActiveCfg = Release|Any CPU
		{6FB328C1-D984-8B7E-1FAA-3915EC34B2A7}.Release|Any CPU.Build.0 = Release|Any CPU
		{163F0031-5D90-F68C-C4F5-43598E81DA49}.Debug|Any CPU.ActiveCfg = Debug|Any CPU
		{163F0031-5D90-F68C-C4F5-43598E81DA49}.Debug|Any CPU.Build.0 = Debug|Any CPU
		{163F0031-5D90-F68C-C4F5-43598E81DA49}.Release|Any CPU.ActiveCfg = Release|Any CPU
		{163F0031-5D90-F68C-C4F5-43598E81DA49}.Release|Any CPU.Build.0 = Release|Any CPU
		{59BDD194-8C7D-F6B5-DFB5-220313283B51}.Debug|Any CPU.ActiveCfg = Debug|Any CPU
		{59BDD194-8C7D-F6B5-DFB5-220313283B51}.Debug|Any CPU.Build.0 = Debug|Any CPU
		{59BDD194-8C7D-F6B5-DFB5-220313283B51}.Release|Any CPU.ActiveCfg = Release|Any CPU
		{59BDD194-8C7D-F6B5-DFB5-220313283B51}.Release|Any CPU.Build.0 = Release|Any CPU
		{D64DF626-BA8A-A4F3-BB5B-0166E7DB7085}.Debug|Any CPU.ActiveCfg = Debug|Any CPU
		{D64DF626-BA8A-A4F3-BB5B-0166E7DB7085}.Debug|Any CPU.Build.0 = Debug|Any CPU
		{D64DF626-BA8A-A4F3-BB5B-0166E7DB7085}.Release|Any CPU.ActiveCfg = Release|Any CPU
		{D64DF626-BA8A-A4F3-BB5B-0166E7DB7085}.Release|Any CPU.Build.0 = Release|Any CPU
		{5BD883CE-A157-9988-AEDC-2C478F3099E9}.Debug|Any CPU.ActiveCfg = Debug|Any CPU
		{5BD883CE-A157-9988-AEDC-2C478F3099E9}.Debug|Any CPU.Build.0 = Debug|Any CPU
		{5BD883CE-A157-9988-AEDC-2C478F3099E9}.Release|Any CPU.ActiveCfg = Release|Any CPU
		{5BD883CE-A157-9988-AEDC-2C478F3099E9}.Release|Any CPU.Build.0 = Release|Any CPU
	EndGlobalSection
	GlobalSection(SolutionProperties) = preSolution
		HideSolutionNode = FALSE
	EndGlobalSection
	GlobalSection(NestedProjects) = preSolution
		{02EA681E-C7D8-13C7-8484-4AC65E1B71E8} = {C0719138-BDB5-4E47-979E-A52A15DFA5A8}
		{682017D3-32F5-4526-A022-9DC8E4B309F4} = {C0719138-BDB5-4E47-979E-A52A15DFA5A8}
		{CE63FB88-4846-85EC-CAF5-8B395B90E4FE} = {02EA681E-C7D8-13C7-8484-4AC65E1B71E8}
		{1DE01821-C76B-3390-8832-71697DC0B0FC} = {02EA681E-C7D8-13C7-8484-4AC65E1B71E8}
		{695FD8FF-3B9E-AD07-CF3E-1B2271A9C371} = {02EA681E-C7D8-13C7-8484-4AC65E1B71E8}
		{6FB328C1-D984-8B7E-1FAA-3915EC34B2A7} = {02EA681E-C7D8-13C7-8484-4AC65E1B71E8}
		{163F0031-5D90-F68C-C4F5-43598E81DA49} = {02EA681E-C7D8-13C7-8484-4AC65E1B71E8}
		{59BDD194-8C7D-F6B5-DFB5-220313283B51} = {682017D3-32F5-4526-A022-9DC8E4B309F4}
		{D64DF626-BA8A-A4F3-BB5B-0166E7DB7085} = {682017D3-32F5-4526-A022-9DC8E4B309F4}
		{5BD883CE-A157-9988-AEDC-2C478F3099E9} = {682017D3-32F5-4526-A022-9DC8E4B309F4}
	EndGlobalSection
	GlobalSection(ExtensibilityGlobals) = postSolution
		SolutionGuid = {BA961FF4-2ECE-4912-B053-524E55D36BA3}
	EndGlobalSection
EndGlobal
